
Microsoft Visual Studio Solution File, Format Version 12.00
# Visual Studio Version 17
VisualStudioVersion = 17.13.35919.96 d17.13
MinimumVisualStudioVersion = 10.0.40219.1
Project("{FAE04EC0-301F-11D3-BF4B-00C04F79EFBC}") = "GreedSimulation", "GreedSimulation.csproj", "{B659F748-96E3-4ACD-A644-FD80A7160235}"
EndProject
Global
	GlobalSection(SolutionConfigurationPlatforms) = preSolution
		Debug|Any CPU = Debug|Any CPU
		Release|Any CPU = Release|Any CPU
	EndGlobalSection
	GlobalSection(ProjectConfigurationPlatforms) = postSolution
		{B659F748-96E3-4ACD-A644-FD80A7160235}.Debug|Any CPU.ActiveCfg = Debug|Any CPU
		{B659F748-96E3-4ACD-A644-FD80A7160235}.Debug|Any CPU.Build.0 = Debug|Any CPU
		{B659F748-96E3-4ACD-A644-FD80A7160235}.Release|Any CPU.ActiveCfg = Release|Any CPU
		{B659F748-96E3-4ACD-A644-FD80A7160235}.Release|Any CPU.Build.0 = Release|Any CPU
	EndGlobalSection
	GlobalSection(SolutionProperties) = preSolution
		HideSolutionNode = FALSE
	EndGlobalSection
	GlobalSection(ExtensibilityGlobals) = postSolution
		SolutionGuid = {0726129E-2175-4C09-88DF-F9EFC2B0A764}
	EndGlobalSection
EndGlobal
